// !$*UTF8*$!
{
	archiveVersion = 1;
	classes = {
	};
	objectVersion = 50;
	objects = {

/* Begin PBXBuildFile section */
		0DDF02F6526C8B780FBFDE97 /* Pods_podfiletest.framework in Frameworks */ = {isa = PBXBuildFile; fileRef = 8520F2F875D2EE9A57D9D423 /* Pods_podfiletest.framework */; };
		9B3980AE20E1583C003FE747 /* AppDelegate.swift in Sources */ = {isa = PBXBuildFile; fileRef = 9B3980AD20E1583C003FE747 /* AppDelegate.swift */; };
		9B3980B020E1583C003FE747 /* ViewController.swift in Sources */ = {isa = PBXBuildFile; fileRef = 9B3980AF20E1583C003FE747 /* ViewController.swift */; };
		9B3980B320E1583C003FE747 /* Main.storyboard in Resources */ = {isa = PBXBuildFile; fileRef = 9B3980B120E1583C003FE747 /* Main.storyboard */; };
		9B3980B520E1583E003FE747 /* Assets.xcassets in Resources */ = {isa = PBXBuildFile; fileRef = 9B3980B420E1583E003FE747 /* Assets.xcassets */; };
		9B3980B820E1583E003FE747 /* LaunchScreen.storyboard in Resources */ = {isa = PBXBuildFile; fileRef = 9B3980B620E1583E003FE747 /* LaunchScreen.storyboard */; };
/* End PBXBuildFile section */

/* Begin PBXFileReference section */
		8520F2F875D2EE9A57D9D423 /* Pods_podfiletest.framework */ = {isa = PBXFileReference; explicitFileType = wrapper.framework; includeInIndex = 0; path = Pods_podfiletest.framework; sourceTree = BUILT_PRODUCTS_DIR; };
		9B3980AA20E1583C003FE747 /* podfiletest.app */ = {isa = PBXFileReference; explicitFileType = wrapper.application; includeInIndex = 0; path = podfiletest.app; sourceTree = BUILT_PRODUCTS_DIR; };
		9B3980AD20E1583C003FE747 /* AppDelegate.swift */ = {isa = PBXFileReference; lastKnownFileType = sourcecode.swift; path = AppDelegate.swift; sourceTree = "<group>"; };
		9B3980AF20E1583C003FE747 /* ViewController.swift */ = {isa = PBXFileReference; lastKnownFileType = sourcecode.swift; path = ViewController.swift; sourceTree = "<group>"; };
		9B3980B220E1583C003FE747 /* Base */ = {isa = PBXFileReference; lastKnownFileType = file.storyboard; name = Base; path = Base.lproj/Main.storyboard; sourceTree = "<group>"; };
		9B3980B420E1583E003FE747 /* Assets.xcassets */ = {isa = PBXFileReference; lastKnownFileType = folder.assetcatalog; path = Assets.xcassets; sourceTree = "<group>"; };
		9B3980B720E1583E003FE747 /* Base */ = {isa = PBXFileReference; lastKnownFileType = file.storyboard; name = Base; path = Base.lproj/LaunchScreen.storyboard; sourceTree = "<group>"; };
		9B3980B920E1583E003FE747 /* Info.plist */ = {isa = PBXFileReference; lastKnownFileType = text.plist.xml; path = Info.plist; sourceTree = "<group>"; };
		D6032E308328B6905AA0395D /* Pods-podfiletest.debug.xcconfig */ = {isa = PBXFileReference; includeInIndex = 1; lastKnownFileType = text.xcconfig; name = "Pods-podfiletest.debug.xcconfig"; path = "Pods/Target Support Files/Pods-podfiletest/Pods-podfiletest.debug.xcconfig"; sourceTree = "<group>"; };
		F4E8674E2D2D97B6E4C90155 /* Pods-podfiletest.release.xcconfig */ = {isa = PBXFileReference; includeInIndex = 1; lastKnownFileType = text.xcconfig; name = "Pods-podfiletest.release.xcconfig"; path = "Pods/Target Support Files/Pods-podfiletest/Pods-podfiletest.release.xcconfig"; sourceTree = "<group>"; };
/* End PBXFileReference section */

/* Begin PBXFrameworksBuildPhase section */
		9B3980A720E1583C003FE747 /* Frameworks */ = {
			isa = PBXFrameworksBuildPhase;
			buildActionMask = 2147483647;
			files = (
				0DDF02F6526C8B780FBFDE97 /* Pods_podfiletest.framework in Frameworks */,
			);
			runOnlyForDeploymentPostprocessing = 0;
		};
/* End PBXFrameworksBuildPhase section */

/* Begin PBXGroup section */
		3AEF66E1C3B9EFA7EC5AD880 /* Frameworks */ = {
			isa = PBXGroup;
			children = (
				8520F2F875D2EE9A57D9D423 /* Pods_podfiletest.framework */,
			);
			name = Frameworks;
			sourceTree = "<group>";
		};
		9B3980A120E1583C003FE747 = {
			isa = PBXGroup;
			children = (
				9B3980AC20E1583C003FE747 /* podfiletest */,
				9B3980AB20E1583C003FE747 /* Products */,
				BA4B40C3B23F812288485FA2 /* Pods */,
				3AEF66E1C3B9EFA7EC5AD880 /* Frameworks */,
			);
			sourceTree = "<group>";
		};
		9B3980AB20E1583C003FE747 /* Products */ = {
			isa = PBXGroup;
			children = (
				9B3980AA20E1583C003FE747 /* podfiletest.app */,
			);
			name = Products;
			sourceTree = "<group>";
		};
		9B3980AC20E1583C003FE747 /* podfiletest */ = {
			isa = PBXGroup;
			children = (
				9B3980AD20E1583C003FE747 /* AppDelegate.swift */,
				9B3980AF20E1583C003FE747 /* ViewController.swift */,
				9B3980B120E1583C003FE747 /* Main.storyboard */,
				9B3980B420E1583E003FE747 /* Assets.xcassets */,
				9B3980B620E1583E003FE747 /* LaunchScreen.storyboard */,
				9B3980B920E1583E003FE747 /* Info.plist */,
			);
			path = podfiletest;
			sourceTree = "<group>";
		};
		BA4B40C3B23F812288485FA2 /* Pods */ = {
			isa = PBXGroup;
			children = (
				D6032E308328B6905AA0395D /* Pods-podfiletest.debug.xcconfig */,
				F4E8674E2D2D97B6E4C90155 /* Pods-podfiletest.release.xcconfig */,
			);
			name = Pods;
			sourceTree = "<group>";
		};
/* End PBXGroup section */

/* Begin PBXNativeTarget section */
		9B3980A920E1583C003FE747 /* podfiletest */ = {
			isa = PBXNativeTarget;
			buildConfigurationList = 9B3980BC20E1583E003FE747 /* Build configuration list for PBXNativeTarget "podfiletest" */;
			buildPhases = (
				0E88394F9A75321431414F11 /* [CP] Check Pods Manifest.lock */,
				9B3980A620E1583C003FE747 /* Sources */,
				9B3980A720E1583C003FE747 /* Frameworks */,
				9B3980A820E1583C003FE747 /* Resources */,
				01DB25E4A898DC90956F2E7C /* [CP] Embed Pods Frameworks */,
				886C721564FB40736EB835F3 /* [CP] Copy Pods Resources */,
			);
			buildRules = (
			);
			dependencies = (
			);
			name = podfiletest;
			productName = podfiletest;
			productReference = 9B3980AA20E1583C003FE747 /* podfiletest.app */;
			productType = "com.apple.product-type.application";
		};
/* End PBXNativeTarget section */

/* Begin PBXProject section */
		9B3980A220E1583C003FE747 /* Project object */ = {
			isa = PBXProject;
			attributes = {
				LastSwiftUpdateCheck = 0940;
				LastUpgradeCheck = 0940;
				ORGANIZATIONNAME = "Haydee Rodriguez";
				TargetAttributes = {
					9B3980A920E1583C003FE747 = {
						CreatedOnToolsVersion = 9.4.1;
					};
				};
			};
			buildConfigurationList = 9B3980A520E1583C003FE747 /* Build configuration list for PBXProject "podfiletest" */;
			compatibilityVersion = "Xcode 9.3";
			developmentRegion = en;
			hasScannedForEncodings = 0;
			knownRegions = (
				en,
				Base,
			);
			mainGroup = 9B3980A120E1583C003FE747;
			productRefGroup = 9B3980AB20E1583C003FE747 /* Products */;
			projectDirPath = "";
			projectRoot = "";
			targets = (
				9B3980A920E1583C003FE747 /* podfiletest */,
			);
		};
/* End PBXProject section */

/* Begin PBXResourcesBuildPhase section */
		9B3980A820E1583C003FE747 /* Resources */ = {
			isa = PBXResourcesBuildPhase;
			buildActionMask = 2147483647;
			files = (
				9B3980B820E1583E003FE747 /* LaunchScreen.storyboard in Resources */,
				9B3980B520E1583E003FE747 /* Assets.xcassets in Resources */,
				9B3980B320E1583C003FE747 /* Main.storyboard in Resources */,
			);
			runOnlyForDeploymentPostprocessing = 0;
		};
/* End PBXResourcesBuildPhase section */

/* Begin PBXShellScriptBuildPhase section */
		01DB25E4A898DC90956F2E7C /* [CP] Embed Pods Frameworks */ = {
			isa = PBXShellScriptBuildPhase;
			buildActionMask = 2147483647;
			files = (
			);
			inputPaths = (
				"${SRCROOT}/Pods/Target Support Files/Pods-podfiletest/Pods-podfiletest-frameworks.sh",
				"${BUILT_PRODUCTS_DIR}/Kingfisher/Kingfisher.framework",
				"${BUILT_PRODUCTS_DIR}/MBProgressHUD/MBProgressHUD.framework",
			);
			name = "[CP] Embed Pods Frameworks";
			outputPaths = (
				"${TARGET_BUILD_DIR}/${FRAMEWORKS_FOLDER_PATH}/Kingfisher.framework",
				"${TARGET_BUILD_DIR}/${FRAMEWORKS_FOLDER_PATH}/MBProgressHUD.framework",
			);
			runOnlyForDeploymentPostprocessing = 0;
			shellPath = /bin/sh;
			shellScript = "\"${SRCROOT}/Pods/Target Support Files/Pods-podfiletest/Pods-podfiletest-frameworks.sh\"\n";
			showEnvVarsInLog = 0;
		};
		0E88394F9A75321431414F11 /* [CP] Check Pods Manifest.lock */ = {
			isa = PBXShellScriptBuildPhase;
			buildActionMask = 2147483647;
			files = (
			);
			inputPaths = (
				"${PODS_PODFILE_DIR_PATH}/Podfile.lock",
				"${PODS_ROOT}/Manifest.lock",
			);
			name = "[CP] Check Pods Manifest.lock";
			outputPaths = (
				"$(DERIVED_FILE_DIR)/Pods-podfiletest-checkManifestLockResult.txt",
			);
			runOnlyForDeploymentPostprocessing = 0;
			shellPath = /bin/sh;
			shellScript = "diff \"${PODS_PODFILE_DIR_PATH}/Podfile.lock\" \"${PODS_ROOT}/Manifest.lock\" > /dev/null\nif [ $? != 0 ] ; then\n    # print error to STDERR\n    echo \"error: The sandbox is not in sync with the Podfile.lock. Run 'pod install' or update your CocoaPods installation.\" >&2\n    exit 1\nfi\n# This output is used by Xcode 'outputs' to avoid re-running this script phase.\necho \"SUCCESS\" > \"${SCRIPT_OUTPUT_FILE_0}\"\n";
			showEnvVarsInLog = 0;
		};
		886C721564FB40736EB835F3 /* [CP] Copy Pods Resources */ = {
			isa = PBXShellScriptBuildPhase;
			buildActionMask = 2147483647;
			files = (
			);
			inputPaths = (
			);
			name = "[CP] Copy Pods Resources";
			outputPaths = (
			);
			runOnlyForDeploymentPostprocessing = 0;
			shellPath = /bin/sh;
			shellScript = "\"${SRCROOT}/Pods/Target Support Files/Pods-podfiletest/Pods-podfiletest-resources.sh\"\n";
			showEnvVarsInLog = 0;
		};
/* End PBXShellScriptBuildPhase section */

/* Begin PBXSourcesBuildPhase section */
		9B3980A620E1583C003FE747 /* Sources */ = {
			isa = PBXSourcesBuildPhase;
			buildActionMask = 2147483647;
			files = (
				9B3980B020E1583C003FE747 /* ViewController.swift in Sources */,
				9B3980AE20E1583C003FE747 /* AppDelegate.swift in Sources */,
			);
			runOnlyForDeploymentPostprocessing = 0;
		};
/* End PBXSourcesBuildPhase section */

/* Begin PBXVariantGroup section */
		9B3980B120E1583C003FE747 /* Main.storyboard */ = {
			isa = PBXVariantGroup;
			children = (
				9B3980B220E1583C003FE747 /* Base */,
			);
			name = Main.storyboard;
			sourceTree = "<group>";
		};
		9B3980B620E1583E003FE747 /* LaunchScreen.storyboard */ = {
			isa = PBXVariantGroup;
			children = (
				9B3980B720E1583E003FE747 /* Base */,
			);
			name = LaunchScreen.storyboard;
			sourceTree = "<group>";
		};
/* End PBXVariantGroup section */

/* Begin XCBuildConfiguration section */
		9B3980BA20E1583E003FE747 /* Debug */ = {
			isa = XCBuildConfiguration;
			buildSettings = {
				ALWAYS_SEARCH_USER_PATHS = NO;
				CLANG_ANALYZER_NONNULL = YES;
				CLANG_ANALYZER_NUMBER_OBJECT_CONVERSION = YES_AGGRESSIVE;
				CLANG_CXX_LANGUAGE_STANDARD = "gnu++14";
				CLANG_CXX_LIBRARY = "libc++";
				CLANG_ENABLE_MODULES = YES;
				CLANG_ENABLE_OBJC_ARC = YES;
				CLANG_ENABLE_OBJC_WEAK = YES;
				CLANG_WARN_BLOCK_CAPTURE_AUTORELEASING = YES;
				CLANG_WARN_BOOL_CONVERSION = YES;
				CLANG_WARN_COMMA = YES;
				CLANG_WARN_CONSTANT_CONVERSION = YES;
				CLANG_WARN_DEPRECATED_OBJC_IMPLEMENTATIONS = YES;
				CLANG_WARN_DIRECT_OBJC_ISA_USAGE = YES_ERROR;
				CLANG_WARN_DOCUMENTATION_COMMENTS = YES;
				CLANG_WARN_EMPTY_BODY = YES;
				CLANG_WARN_ENUM_CONVERSION = YES;
				CLANG_WARN_INFINITE_RECURSION = YES;
				CLANG_WARN_INT_CONVERSION = YES;
				CLANG_WARN_NON_LITERAL_NULL_CONVERSION = YES;
				CLANG_WARN_OBJC_IMPLICIT_RETAIN_SELF = YES;
				CLANG_WARN_OBJC_LITERAL_CONVERSION = YES;
				CLANG_WARN_OBJC_ROOT_CLASS = YES_ERROR;
				CLANG_WARN_RANGE_LOOP_ANALYSIS = YES;
				CLANG_WARN_STRICT_PROTOTYPES = YES;
				CLANG_WARN_SUSPICIOUS_MOVE = YES;
				CLANG_WARN_UNGUARDED_AVAILABILITY = YES_AGGRESSIVE;
				CLANG_WARN_UNREACHABLE_CODE = YES;
				CLANG_WARN__DUPLICATE_METHOD_MATCH = YES;
				CODE_SIGN_IDENTITY = "iPhone Developer";
				COPY_PHASE_STRIP = NO;
				DEBUG_INFORMATION_FORMAT = dwarf;
				ENABLE_STRICT_OBJC_MSGSEND = YES;
				ENABLE_TESTABILITY = YES;
				GCC_C_LANGUAGE_STANDARD = gnu11;
				GCC_DYNAMIC_NO_PIC = NO;
				GCC_NO_COMMON_BLOCKS = YES;
				GCC_OPTIMIZATION_LEVEL = 0;
				GCC_PREPROCESSOR_DEFINITIONS = (
					"DEBUG=1",
					"$(inherited)",
				);
				GCC_WARN_64_TO_32_BIT_CONVERSION = YES;
				GCC_WARN_ABOUT_RETURN_TYPE = YES_ERROR;
				GCC_WARN_UNDECLARED_SELECTOR = YES;
				GCC_WARN_UNINITIALIZED_AUTOS = YES_AGGRESSIVE;
				GCC_WARN_UNUSED_FUNCTION = YES;
				GCC_WARN_UNUSED_VARIABLE = YES;
				IPHONEOS_DEPLOYMENT_TARGET = 11.4;
				MTL_ENABLE_DEBUG_INFO = YES;
				ONLY_ACTIVE_ARCH = YES;
				SDKROOT = iphoneos;
				SWIFT_ACTIVE_COMPILATION_CONDITIONS = DEBUG;
				SWIFT_OPTIMIZATION_LEVEL = "-Onone";
			};
			name = Debug;
		};
		9B3980BB20E1583E003FE747 /* Release */ = {
			isa = XCBuildConfiguration;
			buildSettings = {
				ALWAYS_SEARCH_USER_PATHS = NO;
				CLANG_ANALYZER_NONNULL = YES;
				CLANG_ANALYZER_NUMBER_OBJECT_CONVERSION = YES_AGGRESSIVE;
				CLANG_CXX_LANGUAGE_STANDARD = "gnu++14";
				CLANG_CXX_LIBRARY = "libc++";
				CLANG_ENABLE_MODULES = YES;
				CLANG_ENABLE_OBJC_ARC = YES;
				CLANG_ENABLE_OBJC_WEAK = YES;
				CLANG_WARN_BLOCK_CAPTURE_AUTORELEASING = YES;
				CLANG_WARN_BOOL_CONVERSION = YES;
				CLANG_WARN_COMMA = YES;
				CLANG_WARN_CONSTANT_CONVERSION = YES;
				CLANG_WARN_DEPRECATED_OBJC_IMPLEMENTATIONS = YES;
				CLANG_WARN_DIRECT_OBJC_ISA_USAGE = YES_ERROR;
				CLANG_WARN_DOCUMENTATION_COMMENTS = YES;
				CLANG_WARN_EMPTY_BODY = YES;
				CLANG_WARN_ENUM_CONVERSION = YES;
				CLANG_WARN_INFINITE_RECURSION = YES;
				CLANG_WARN_INT_CONVERSION = YES;
				CLANG_WARN_NON_LITERAL_NULL_CONVERSION = YES;
				CLANG_WARN_OBJC_IMPLICIT_RETAIN_SELF = YES;
				CLANG_WARN_OBJC_LITERAL_CONVERSION = YES;
				CLANG_WARN_OBJC_ROOT_CLASS = YES_ERROR;
				CLANG_WARN_RANGE_LOOP_ANALYSIS = YES;
				CLANG_WARN_STRICT_PROTOTYPES = YES;
				CLANG_WARN_SUSPICIOUS_MOVE = YES;
				CLANG_WARN_UNGUARDED_AVAILABILITY = YES_AGGRESSIVE;
				CLANG_WARN_UNREACHABLE_CODE = YES;
				CLANG_WARN__DUPLICATE_METHOD_MATCH = YES;
				CODE_SIGN_IDENTITY = "iPhone Developer";
				COPY_PHASE_STRIP = NO;
				DEBUG_INFORMATION_FORMAT = "dwarf-with-dsym";
				ENABLE_NS_ASSERTIONS = NO;
				ENABLE_STRICT_OBJC_MSGSEND = YES;
				GCC_C_LANGUAGE_STANDARD = gnu11;
				GCC_NO_COMMON_BLOCKS = YES;
				GCC_WARN_64_TO_32_BIT_CONVERSION = YES;
				GCC_WARN_ABOUT_RETURN_TYPE = YES_ERROR;
				GCC_WARN_UNDECLARED_SELECTOR = YES;
				GCC_WARN_UNINITIALIZED_AUTOS = YES_AGGRESSIVE;
				GCC_WARN_UNUSED_FUNCTION = YES;
				GCC_WARN_UNUSED_VARIABLE = YES;
				IPHONEOS_DEPLOYMENT_TARGET = 11.4;
				MTL_ENABLE_DEBUG_INFO = NO;
				SDKROOT = iphoneos;
				SWIFT_COMPILATION_MODE = wholemodule;
				SWIFT_OPTIMIZATION_LEVEL = "-O";
				VALIDATE_PRODUCT = YES;
			};
			name = Release;
		};
		9B3980BD20E1583E003FE747 /* Debug */ = {
			isa = XCBuildConfiguration;
			baseConfigurationReference = D6032E308328B6905AA0395D /* Pods-podfiletest.debug.xcconfig */;
			buildSettings = {
				ASSETCATALOG_COMPILER_APPICON_NAME = AppIcon;
				CODE_SIGN_STYLE = Automatic;
				DEVELOPMENT_TEAM = K6RB425S53;
				INFOPLIST_FILE = podfiletest/Info.plist;
				LD_RUNPATH_SEARCH_PATHS = "$(inherited) @executable_path/Frameworks";
				PRODUCT_BUNDLE_IDENTIFIER = com.hrodriguez.podfiletest;
				PRODUCT_NAME = "$(TARGET_NAME)";
				SWIFT_VERSION = 4.0;
				TARGETED_DEVICE_FAMILY = "1,2";
			};
			name = Debug;
		};
		9B3980BE20E1583E003FE747 /* Release */ = {
			isa = XCBuildConfiguration;
			baseConfigurationReference = F4E8674E2D2D97B6E4C90155 /* Pods-podfiletest.release.xcconfig */;
			buildSettings = {
				ASSETCATALOG_COMPILER_APPICON_NAME = AppIcon;
				CODE_SIGN_STYLE = Automatic;
				DEVELOPMENT_TEAM = K6RB425S53;
				INFOPLIST_FILE = podfiletest/Info.plist;
				LD_RUNPATH_SEARCH_PATHS = "$(inherited) @executable_path/Frameworks";
				PRODUCT_BUNDLE_IDENTIFIER = com.hrodriguez.podfiletest;
				PRODUCT_NAME = "$(TARGET_NAME)";
				SWIFT_VERSION = 4.0;
				TARGETED_DEVICE_FAMILY = "1,2";
			};
			name = Release;
		};
/* End XCBuildConfiguration section */

/* Begin XCConfigurationList section */
		9B3980A520E1583C003FE747 /* Build configuration list for PBXProject "podfiletest" */ = {
			isa = XCConfigurationList;
			buildConfigurations = (
				9B3980BA20E1583E003FE747 /* Debug */,
				9B3980BB20E1583E003FE747 /* Release */,
			);
			defaultConfigurationIsVisible = 0;
			defaultConfigurationName = Release;
		};
		9B3980BC20E1583E003FE747 /* Build configuration list for PBXNativeTarget "podfiletest" */ = {
			isa = XCConfigurationList;
			buildConfigurations = (
				9B3980BD20E1583E003FE747 /* Debug */,
				9B3980BE20E1583E003FE747 /* Release */,
			);
			defaultConfigurationIsVisible = 0;
			defaultConfigurationName = Release;
		};
/* End XCConfigurationList section */
	};
	rootObject = 9B3980A220E1583C003FE747 /* Project object */;
}
